
Microsoft Visual Studio Solution File, Format Version 12.00
# Visual Studio 15
VisualStudioVersion = 15.0.27004.2002
MinimumVisualStudioVersion = 10.0.40219.1
Project("{FAE04EC0-301F-11D3-BF4B-00C04F79EFBC}") = "ProcessTest", "MytestApplication\ProcessTest.csproj", "{D4E3C256-01DB-4DBD-BE7A-294F404C3B56}"
EndProject
Project("{FAE04EC0-301F-11D3-BF4B-00C04F79EFBC}") = "ParallelTest", "ParallelTest\ParallelTest.csproj", "{BA612104-548D-4893-8955-04AE890A143B}"
EndProject
Project("{FAE04EC0-301F-11D3-BF4B-00C04F79EFBC}") = "WebTest", "WebTest\WebTest.csproj", "{9290BE52-17A9-43DA-96C9-190A52D08F4D}"
EndProject
Project("{FAE04EC0-301F-11D3-BF4B-00C04F79EFBC}") = "Common", "Common\Common.csproj", "{F00C8146-FA22-4313-ACB6-EC3BD4BBA306}"
EndProject
Project("{2150E333-8FDC-42A3-9474-1A3956D46DE8}") = "SocketTest", "SocketTest", "{C94F169B-5E59-45BC-9FBC-4DBF673422EE}"
EndProject
Project("{FAE04EC0-301F-11D3-BF4B-00C04F79EFBC}") = "SocketServer", "SocketServer\SocketServer.csproj", "{8FCE7153-AE3A-40CE-B803-5AC31F3403FA}"
EndProject
Project("{FAE04EC0-301F-11D3-BF4B-00C04F79EFBC}") = "SocketClient", "SocketClient\SocketClient.csproj", "{404DECA7-EE51-4E2C-B64A-B7AF2BF72B66}"
EndProject
Project("{2150E333-8FDC-42A3-9474-1A3956D46DE8}") = "Algorithms", "Algorithms", "{823C9B09-7BDA-485E-AE7A-1F2E2721A0E7}"
EndProject
Project("{FAE04EC0-301F-11D3-BF4B-00C04F79EFBC}") = "AlgorithmTest", "AlgorithmTest\AlgorithmTest.csproj", "{E3DBEE99-C34B-4C5A-9A10-3B7C6B188B78}"
EndProject
Project("{2150E333-8FDC-42A3-9474-1A3956D46DE8}") = "Redis", "Redis", "{D5383A73-C809-44C5-86DF-1853AA0BB583}"
EndProject
Project("{FAE04EC0-301F-11D3-BF4B-00C04F79EFBC}") = "CacheTest", "CacheLibrary\CacheTest.csproj", "{FC81D1DD-6F18-4053-9E07-BFE634DD35FE}"
EndProject
Project("{2150E333-8FDC-42A3-9474-1A3956D46DE8}") = "RabbitMQ", "RabbitMQ", "{CC526524-E864-4FC6-9DAE-38D24E8A432F}"
	ProjectSection(SolutionItems) = preProject
		说明.txt = 说明.txt
	EndProjectSection
EndProject
Project("{FAE04EC0-301F-11D3-BF4B-00C04F79EFBC}") = "Send", "Send\Send.csproj", "{2D231538-47AE-490B-8E0D-ABBFE4CA39BC}"
EndProject
Project("{FAE04EC0-301F-11D3-BF4B-00C04F79EFBC}") = "Receive", "Receive\Receive.csproj", "{236254BE-3483-44CD-85B1-45AC55825B6C}"
EndProject
Project("{2150E333-8FDC-42A3-9474-1A3956D46DE8}") = "HelloWorld", "HelloWorld", "{BA7D04D4-7164-4557-B2B3-D102DF8CBBC0}"
EndProject
Project("{2150E333-8FDC-42A3-9474-1A3956D46DE8}") = "WorkQueues", "WorkQueues", "{3E589EF7-0A9C-4AF9-AE1B-79061879730B}"
	ProjectSection(SolutionItems) = preProject
		Tips.txt = Tips.txt
	EndProjectSection
EndProject
Project("{FAE04EC0-301F-11D3-BF4B-00C04F79EFBC}") = "NewTask", "NewTask\NewTask.csproj", "{A5A2E72D-ACCB-4952-8C2F-6E3C019346A3}"
EndProject
Project("{FAE04EC0-301F-11D3-BF4B-00C04F79EFBC}") = "Worker", "Worker\Worker.csproj", "{059E7346-7FA3-480F-AFE0-26FF806AD784}"
EndProject
Project("{2150E333-8FDC-42A3-9474-1A3956D46DE8}") = "Publish-Subscribe", "Publish-Subscribe", "{4D18B1E9-CDAD-4D53-8E7B-D98892FF7F23}"
EndProject
Project("{FAE04EC0-301F-11D3-BF4B-00C04F79EFBC}") = "EmitLog", "EmitLog\EmitLog.csproj", "{D1EC7116-8B19-4017-8914-5B765A0BD446}"
EndProject
Project("{FAE04EC0-301F-11D3-BF4B-00C04F79EFBC}") = "ReceiveLogs", "ReceiveLogs\ReceiveLogs.csproj", "{0412A441-ABF2-45AD-8636-1D95FD53BA42}"
EndProject
Project("{2150E333-8FDC-42A3-9474-1A3956D46DE8}") = "Routing", "Routing", "{8F00A423-9BE5-4E57-9875-05BC0312D8AD}"
EndProject
Project("{FAE04EC0-301F-11D3-BF4B-00C04F79EFBC}") = "EmitLogDirect", "EmitLogDirect\EmitLogDirect.csproj", "{A69CCE77-5127-4C5F-934F-A73F34DD41B6}"
EndProject
Project("{FAE04EC0-301F-11D3-BF4B-00C04F79EFBC}") = "ReceiveLogsDirect", "ReceiveLogsDirect\ReceiveLogsDirect.csproj", "{9A0B71C3-72A7-433A-81E0-7420B2F8DBED}"
EndProject
Project("{2150E333-8FDC-42A3-9474-1A3956D46DE8}") = "Topics", "Topics", "{CD2B8C8D-365B-4939-B78B-D87A8E875D39}"
EndProject
Project("{FAE04EC0-301F-11D3-BF4B-00C04F79EFBC}") = "EmitLogTopic", "EmitLogTopic\EmitLogTopic.csproj", "{4DC42FAD-F2B0-481B-99E1-8D28A26EEAE5}"
EndProject
Project("{FAE04EC0-301F-11D3-BF4B-00C04F79EFBC}") = "ReceiveLogsTopic", "ReceiveLogsTopic\ReceiveLogsTopic.csproj", "{22C1600C-CEA1-46E3-B216-075E8E40BE54}"
EndProject
Project("{2150E333-8FDC-42A3-9474-1A3956D46DE8}") = "RPC", "RPC", "{5C2E9996-3121-4EFE-84FA-3338253325E0}"
EndProject
Project("{FAE04EC0-301F-11D3-BF4B-00C04F79EFBC}") = "RPCServer", "RPCServer\RPCServer.csproj", "{21E1E44A-4B77-491F-AA07-0A77AF72CCBC}"
EndProject
Project("{FAE04EC0-301F-11D3-BF4B-00C04F79EFBC}") = "RPCClient", "RPCClient\RPCClient.csproj", "{DD9F0BDA-7E39-4B6A-B74C-097FBB76220F}"
EndProject
Project("{2150E333-8FDC-42A3-9474-1A3956D46DE8}") = "Parallel", "Parallel", "{87C62711-7544-4453-80BC-6F45907078B3}"
EndProject
Project("{2150E333-8FDC-42A3-9474-1A3956D46DE8}") = "Process", "Process", "{DCF2ED4C-881C-4FE7-9832-1A4983117C72}"
EndProject
Project("{2150E333-8FDC-42A3-9474-1A3956D46DE8}") = "WCF", "WCF", "{DDA83E0C-6703-4EA7-BF05-137105003B9D}"
EndProject
Project("{FAE04EC0-301F-11D3-BF4B-00C04F79EFBC}") = "WcfService", "WcfService\WcfService.csproj", "{94730948-A599-496F-8A09-A7CB36C3149A}"
EndProject
Project("{2150E333-8FDC-42A3-9474-1A3956D46DE8}") = "Struct", "Struct", "{044E7809-8BB1-485C-B099-6BB89DFCAFD6}"
EndProject
Project("{FAE04EC0-301F-11D3-BF4B-00C04F79EFBC}") = "StructTest", "StructTest\StructTest.csproj", "{90ECAC86-DB5A-40D6-89D8-BC8455C3C5C7}"
EndProject
Project("{2150E333-8FDC-42A3-9474-1A3956D46DE8}") = "Delegate", "Delegate", "{7A723F33-A51F-4FAD-BDD6-7E1722BA6C2D}"
EndProject
Project("{FAE04EC0-301F-11D3-BF4B-00C04F79EFBC}") = "DelegateTest", "DelegateTest\DelegateTest.csproj", "{14D66C2C-AC25-46CC-A02A-6AD4F765CCE7}"
EndProject
Project("{FAE04EC0-301F-11D3-BF4B-00C04F79EFBC}") = "SvcRestart", "SvcRestart\SvcRestart.csproj", "{6C0A4183-FDEA-44F3-8D85-C236333B775F}"
EndProject
Project("{2150E333-8FDC-42A3-9474-1A3956D46DE8}") = "Semaphore", "Semaphore", "{6D3C86A5-67BE-44BF-B440-65118B14AE60}"
EndProject
Project("{FAE04EC0-301F-11D3-BF4B-00C04F79EFBC}") = "AutoResetEvent", "AutoResetEvent\AutoResetEvent.csproj", "{19072AFC-482D-47AA-860F-2674323B4237}"
EndProject
Project("{FAE04EC0-301F-11D3-BF4B-00C04F79EFBC}") = "Mutex", "Mutex\Mutex.csproj", "{4EA30C6B-5331-4588-93C8-187CF1C8F3E4}"
EndProject
Project("{FAE04EC0-301F-11D3-BF4B-00C04F79EFBC}") = "Semaphore", "Semaphore\Semaphore.csproj", "{0E242E27-BF4F-4A51-9FE9-3749B2D458CC}"
EndProject
Project("{FAE04EC0-301F-11D3-BF4B-00C04F79EFBC}") = "ManualResetEvent", "ManualResetEvent\ManualResetEvent.csproj", "{76226A4D-F8AB-42B9-817B-CC501A4FED8B}"
EndProject
Project("{2150E333-8FDC-42A3-9474-1A3956D46DE8}") = "QuartzNET", "QuartzNET", "{9DBAE79A-11D2-459B-A5BC-B588DBD25779}"
EndProject
Project("{FAE04EC0-301F-11D3-BF4B-00C04F79EFBC}") = "QuartzSample", "Quartz\QuartzSample.csproj", "{36C93A17-5668-46F5-8B84-6473A07CF4FD}"
EndProject
Project("{2150E333-8FDC-42A3-9474-1A3956D46DE8}") = "AppMetricsDemo", "AppMetricsDemo", "{23209825-45E4-4FA9-9058-11D0DF48A60C}"
EndProject
Project("{9A19103F-16F7-4668-BE54-9A1E7A4F7556}") = "PcMonitor", "PcMonitor\PcMonitor.csproj", "{D8313380-A9B5-48BF-86FC-23D38EE0F8BC}"
EndProject
Project("{FAE04EC0-301F-11D3-BF4B-00C04F79EFBC}") = "CancellationTokenSource", "CancellationTokenSource\CancellationTokenSource.csproj", "{2C32C998-9F69-444E-980A-CF4250BB4B22}"
EndProject
Project("{2150E333-8FDC-42A3-9474-1A3956D46DE8}") = "DesignPattern", "DesignPattern", "{18046992-4C27-4A5F-B978-35F8D133E236}"
EndProject
Project("{FAE04EC0-301F-11D3-BF4B-00C04F79EFBC}") = "Decorator", "Decorator\Decorator.csproj", "{084F8EC8-4DDE-42B9-B438-6B6ACF2990C1}"
EndProject
Project("{2150E333-8FDC-42A3-9474-1A3956D46DE8}") = "AssemblyDiifRef", "AssemblyDiifRef", "{CD930242-732A-48F2-BFB6-F7F477AF2EE4}"
EndProject
Project("{FAE04EC0-301F-11D3-BF4B-00C04F79EFBC}") = "DevilBase", "DevilBase\DevilBase.csproj", "{3E6EB2EB-DD67-4306-AD84-50AF1FD7AB78}"
EndProject
Project("{FAE04EC0-301F-11D3-BF4B-00C04F79EFBC}") = "THBiz", "THBiz\THBiz.csproj", "{3C823284-A43B-4F0A-B8FA-BBA58D42EBB0}"
EndProject
Project("{FAE04EC0-301F-11D3-BF4B-00C04F79EFBC}") = "WMBussiness", "WMBussiness\WMBussiness.csproj", "{47DF2C96-812B-4A70-A0FC-0BBB0F6EF8C6}"
EndProject
Project("{FAE04EC0-301F-11D3-BF4B-00C04F79EFBC}") = "ShowDevil", "ShowDevil\ShowDevil.csproj", "{5497F4EB-9B3A-4098-9425-9F3054A8A103}"
EndProject
Project("{FAE04EC0-301F-11D3-BF4B-00C04F79EFBC}") = "Singleton", "Singleton\Singleton.csproj", "{2C806258-D42C-4CA6-B21A-5A10F8C9ADB3}"
EndProject
Global
	GlobalSection(SolutionConfigurationPlatforms) = preSolution
		Debug|Any CPU = Debug|Any CPU
		Release|Any CPU = Release|Any CPU
	EndGlobalSection
	GlobalSection(ProjectConfigurationPlatforms) = postSolution
		{D4E3C256-01DB-4DBD-BE7A-294F404C3B56}.Debug|Any CPU.ActiveCfg = Debug|Any CPU
		{D4E3C256-01DB-4DBD-BE7A-294F404C3B56}.Debug|Any CPU.Build.0 = Debug|Any CPU
		{D4E3C256-01DB-4DBD-BE7A-294F404C3B56}.Release|Any CPU.ActiveCfg = Release|Any CPU
		{D4E3C256-01DB-4DBD-BE7A-294F404C3B56}.Release|Any CPU.Build.0 = Release|Any CPU
		{BA612104-548D-4893-8955-04AE890A143B}.Debug|Any CPU.ActiveCfg = Debug|Any CPU
		{BA612104-548D-4893-8955-04AE890A143B}.Debug|Any CPU.Build.0 = Debug|Any CPU
		{BA612104-548D-4893-8955-04AE890A143B}.Release|Any CPU.ActiveCfg = Release|Any CPU
		{BA612104-548D-4893-8955-04AE890A143B}.Release|Any CPU.Build.0 = Release|Any CPU
		{9290BE52-17A9-43DA-96C9-190A52D08F4D}.Debug|Any CPU.ActiveCfg = Debug|Any CPU
		{9290BE52-17A9-43DA-96C9-190A52D08F4D}.Debug|Any CPU.Build.0 = Debug|Any CPU
		{9290BE52-17A9-43DA-96C9-190A52D08F4D}.Release|Any CPU.ActiveCfg = Release|Any CPU
		{9290BE52-17A9-43DA-96C9-190A52D08F4D}.Release|Any CPU.Build.0 = Release|Any CPU
		{F00C8146-FA22-4313-ACB6-EC3BD4BBA306}.Debug|Any CPU.ActiveCfg = Debug|Any CPU
		{F00C8146-FA22-4313-ACB6-EC3BD4BBA306}.Debug|Any CPU.Build.0 = Debug|Any CPU
		{F00C8146-FA22-4313-ACB6-EC3BD4BBA306}.Release|Any CPU.ActiveCfg = Release|Any CPU
		{F00C8146-FA22-4313-ACB6-EC3BD4BBA306}.Release|Any CPU.Build.0 = Release|Any CPU
		{8FCE7153-AE3A-40CE-B803-5AC31F3403FA}.Debug|Any CPU.ActiveCfg = Debug|Any CPU
		{8FCE7153-AE3A-40CE-B803-5AC31F3403FA}.Debug|Any CPU.Build.0 = Debug|Any CPU
		{8FCE7153-AE3A-40CE-B803-5AC31F3403FA}.Release|Any CPU.ActiveCfg = Release|Any CPU
		{8FCE7153-AE3A-40CE-B803-5AC31F3403FA}.Release|Any CPU.Build.0 = Release|Any CPU
		{404DECA7-EE51-4E2C-B64A-B7AF2BF72B66}.Debug|Any CPU.ActiveCfg = Debug|Any CPU
		{404DECA7-EE51-4E2C-B64A-B7AF2BF72B66}.Debug|Any CPU.Build.0 = Debug|Any CPU
		{404DECA7-EE51-4E2C-B64A-B7AF2BF72B66}.Release|Any CPU.ActiveCfg = Release|Any CPU
		{404DECA7-EE51-4E2C-B64A-B7AF2BF72B66}.Release|Any CPU.Build.0 = Release|Any CPU
		{E3DBEE99-C34B-4C5A-9A10-3B7C6B188B78}.Debug|Any CPU.ActiveCfg = Debug|Any CPU
		{E3DBEE99-C34B-4C5A-9A10-3B7C6B188B78}.Debug|Any CPU.Build.0 = Debug|Any CPU
		{E3DBEE99-C34B-4C5A-9A10-3B7C6B188B78}.Release|Any CPU.ActiveCfg = Release|Any CPU
		{E3DBEE99-C34B-4C5A-9A10-3B7C6B188B78}.Release|Any CPU.Build.0 = Release|Any CPU
		{FC81D1DD-6F18-4053-9E07-BFE634DD35FE}.Debug|Any CPU.ActiveCfg = Debug|Any CPU
		{FC81D1DD-6F18-4053-9E07-BFE634DD35FE}.Debug|Any CPU.Build.0 = Debug|Any CPU
		{FC81D1DD-6F18-4053-9E07-BFE634DD35FE}.Release|Any CPU.ActiveCfg = Release|Any CPU
		{FC81D1DD-6F18-4053-9E07-BFE634DD35FE}.Release|Any CPU.Build.0 = Release|Any CPU
		{2D231538-47AE-490B-8E0D-ABBFE4CA39BC}.Debug|Any CPU.ActiveCfg = Debug|Any CPU
		{2D231538-47AE-490B-8E0D-ABBFE4CA39BC}.Debug|Any CPU.Build.0 = Debug|Any CPU
		{2D231538-47AE-490B-8E0D-ABBFE4CA39BC}.Release|Any CPU.ActiveCfg = Release|Any CPU
		{2D231538-47AE-490B-8E0D-ABBFE4CA39BC}.Release|Any CPU.Build.0 = Release|Any CPU
		{236254BE-3483-44CD-85B1-45AC55825B6C}.Debug|Any CPU.ActiveCfg = Debug|Any CPU
		{236254BE-3483-44CD-85B1-45AC55825B6C}.Debug|Any CPU.Build.0 = Debug|Any CPU
		{236254BE-3483-44CD-85B1-45AC55825B6C}.Release|Any CPU.ActiveCfg = Release|Any CPU
		{236254BE-3483-44CD-85B1-45AC55825B6C}.Release|Any CPU.Build.0 = Release|Any CPU
		{A5A2E72D-ACCB-4952-8C2F-6E3C019346A3}.Debug|Any CPU.ActiveCfg = Debug|Any CPU
		{A5A2E72D-ACCB-4952-8C2F-6E3C019346A3}.Debug|Any CPU.Build.0 = Debug|Any CPU
		{A5A2E72D-ACCB-4952-8C2F-6E3C019346A3}.Release|Any CPU.ActiveCfg = Release|Any CPU
		{A5A2E72D-ACCB-4952-8C2F-6E3C019346A3}.Release|Any CPU.Build.0 = Release|Any CPU
		{059E7346-7FA3-480F-AFE0-26FF806AD784}.Debug|Any CPU.ActiveCfg = Debug|Any CPU
		{059E7346-7FA3-480F-AFE0-26FF806AD784}.Debug|Any CPU.Build.0 = Debug|Any CPU
		{059E7346-7FA3-480F-AFE0-26FF806AD784}.Release|Any CPU.ActiveCfg = Release|Any CPU
		{059E7346-7FA3-480F-AFE0-26FF806AD784}.Release|Any CPU.Build.0 = Release|Any CPU
		{D1EC7116-8B19-4017-8914-5B765A0BD446}.Debug|Any CPU.ActiveCfg = Debug|Any CPU
		{D1EC7116-8B19-4017-8914-5B765A0BD446}.Debug|Any CPU.Build.0 = Debug|Any CPU
		{D1EC7116-8B19-4017-8914-5B765A0BD446}.Release|Any CPU.ActiveCfg = Release|Any CPU
		{D1EC7116-8B19-4017-8914-5B765A0BD446}.Release|Any CPU.Build.0 = Release|Any CPU
		{0412A441-ABF2-45AD-8636-1D95FD53BA42}.Debug|Any CPU.ActiveCfg = Debug|Any CPU
		{0412A441-ABF2-45AD-8636-1D95FD53BA42}.Debug|Any CPU.Build.0 = Debug|Any CPU
		{0412A441-ABF2-45AD-8636-1D95FD53BA42}.Release|Any CPU.ActiveCfg = Release|Any CPU
		{0412A441-ABF2-45AD-8636-1D95FD53BA42}.Release|Any CPU.Build.0 = Release|Any CPU
		{A69CCE77-5127-4C5F-934F-A73F34DD41B6}.Debug|Any CPU.ActiveCfg = Debug|Any CPU
		{A69CCE77-5127-4C5F-934F-A73F34DD41B6}.Debug|Any CPU.Build.0 = Debug|Any CPU
		{A69CCE77-5127-4C5F-934F-A73F34DD41B6}.Release|Any CPU.ActiveCfg = Release|Any CPU
		{A69CCE77-5127-4C5F-934F-A73F34DD41B6}.Release|Any CPU.Build.0 = Release|Any CPU
		{9A0B71C3-72A7-433A-81E0-7420B2F8DBED}.Debug|Any CPU.ActiveCfg = Debug|Any CPU
		{9A0B71C3-72A7-433A-81E0-7420B2F8DBED}.Debug|Any CPU.Build.0 = Debug|Any CPU
		{9A0B71C3-72A7-433A-81E0-7420B2F8DBED}.Release|Any CPU.ActiveCfg = Release|Any CPU
		{9A0B71C3-72A7-433A-81E0-7420B2F8DBED}.Release|Any CPU.Build.0 = Release|Any CPU
		{4DC42FAD-F2B0-481B-99E1-8D28A26EEAE5}.Debug|Any CPU.ActiveCfg = Debug|Any CPU
		{4DC42FAD-F2B0-481B-99E1-8D28A26EEAE5}.Debug|Any CPU.Build.0 = Debug|Any CPU
		{4DC42FAD-F2B0-481B-99E1-8D28A26EEAE5}.Release|Any CPU.ActiveCfg = Release|Any CPU
		{4DC42FAD-F2B0-481B-99E1-8D28A26EEAE5}.Release|Any CPU.Build.0 = Release|Any CPU
		{22C1600C-CEA1-46E3-B216-075E8E40BE54}.Debug|Any CPU.ActiveCfg = Debug|Any CPU
		{22C1600C-CEA1-46E3-B216-075E8E40BE54}.Debug|Any CPU.Build.0 = Debug|Any CPU
		{22C1600C-CEA1-46E3-B216-075E8E40BE54}.Release|Any CPU.ActiveCfg = Release|Any CPU
		{22C1600C-CEA1-46E3-B216-075E8E40BE54}.Release|Any CPU.Build.0 = Release|Any CPU
		{21E1E44A-4B77-491F-AA07-0A77AF72CCBC}.Debug|Any CPU.ActiveCfg = Debug|Any CPU
		{21E1E44A-4B77-491F-AA07-0A77AF72CCBC}.Debug|Any CPU.Build.0 = Debug|Any CPU
		{21E1E44A-4B77-491F-AA07-0A77AF72CCBC}.Release|Any CPU.ActiveCfg = Release|Any CPU
		{21E1E44A-4B77-491F-AA07-0A77AF72CCBC}.Release|Any CPU.Build.0 = Release|Any CPU
		{DD9F0BDA-7E39-4B6A-B74C-097FBB76220F}.Debug|Any CPU.ActiveCfg = Debug|Any CPU
		{DD9F0BDA-7E39-4B6A-B74C-097FBB76220F}.Debug|Any CPU.Build.0 = Debug|Any CPU
		{DD9F0BDA-7E39-4B6A-B74C-097FBB76220F}.Release|Any CPU.ActiveCfg = Release|Any CPU
		{DD9F0BDA-7E39-4B6A-B74C-097FBB76220F}.Release|Any CPU.Build.0 = Release|Any CPU
		{94730948-A599-496F-8A09-A7CB36C3149A}.Debug|Any CPU.ActiveCfg = Debug|Any CPU
		{94730948-A599-496F-8A09-A7CB36C3149A}.Debug|Any CPU.Build.0 = Debug|Any CPU
		{94730948-A599-496F-8A09-A7CB36C3149A}.Release|Any CPU.ActiveCfg = Release|Any CPU
		{94730948-A599-496F-8A09-A7CB36C3149A}.Release|Any CPU.Build.0 = Release|Any CPU
		{90ECAC86-DB5A-40D6-89D8-BC8455C3C5C7}.Debug|Any CPU.ActiveCfg = Debug|Any CPU
		{90ECAC86-DB5A-40D6-89D8-BC8455C3C5C7}.Debug|Any CPU.Build.0 = Debug|Any CPU
		{90ECAC86-DB5A-40D6-89D8-BC8455C3C5C7}.Release|Any CPU.ActiveCfg = Release|Any CPU
		{90ECAC86-DB5A-40D6-89D8-BC8455C3C5C7}.Release|Any CPU.Build.0 = Release|Any CPU
		{14D66C2C-AC25-46CC-A02A-6AD4F765CCE7}.Debug|Any CPU.ActiveCfg = Debug|Any CPU
		{14D66C2C-AC25-46CC-A02A-6AD4F765CCE7}.Debug|Any CPU.Build.0 = Debug|Any CPU
		{14D66C2C-AC25-46CC-A02A-6AD4F765CCE7}.Release|Any CPU.ActiveCfg = Release|Any CPU
		{14D66C2C-AC25-46CC-A02A-6AD4F765CCE7}.Release|Any CPU.Build.0 = Release|Any CPU
		{6C0A4183-FDEA-44F3-8D85-C236333B775F}.Debug|Any CPU.ActiveCfg = Debug|Any CPU
		{6C0A4183-FDEA-44F3-8D85-C236333B775F}.Debug|Any CPU.Build.0 = Debug|Any CPU
		{6C0A4183-FDEA-44F3-8D85-C236333B775F}.Release|Any CPU.ActiveCfg = Release|Any CPU
		{6C0A4183-FDEA-44F3-8D85-C236333B775F}.Release|Any CPU.Build.0 = Release|Any CPU
		{19072AFC-482D-47AA-860F-2674323B4237}.Debug|Any CPU.ActiveCfg = Debug|Any CPU
		{19072AFC-482D-47AA-860F-2674323B4237}.Debug|Any CPU.Build.0 = Debug|Any CPU
		{19072AFC-482D-47AA-860F-2674323B4237}.Release|Any CPU.ActiveCfg = Release|Any CPU
		{19072AFC-482D-47AA-860F-2674323B4237}.Release|Any CPU.Build.0 = Release|Any CPU
		{4EA30C6B-5331-4588-93C8-187CF1C8F3E4}.Debug|Any CPU.ActiveCfg = Debug|Any CPU
		{4EA30C6B-5331-4588-93C8-187CF1C8F3E4}.Debug|Any CPU.Build.0 = Debug|Any CPU
		{4EA30C6B-5331-4588-93C8-187CF1C8F3E4}.Release|Any CPU.ActiveCfg = Release|Any CPU
		{4EA30C6B-5331-4588-93C8-187CF1C8F3E4}.Release|Any CPU.Build.0 = Release|Any CPU
		{0E242E27-BF4F-4A51-9FE9-3749B2D458CC}.Debug|Any CPU.ActiveCfg = Debug|Any CPU
		{0E242E27-BF4F-4A51-9FE9-3749B2D458CC}.Debug|Any CPU.Build.0 = Debug|Any CPU
		{0E242E27-BF4F-4A51-9FE9-3749B2D458CC}.Release|Any CPU.ActiveCfg = Release|Any CPU
		{0E242E27-BF4F-4A51-9FE9-3749B2D458CC}.Release|Any CPU.Build.0 = Release|Any CPU
		{76226A4D-F8AB-42B9-817B-CC501A4FED8B}.Debug|Any CPU.ActiveCfg = Debug|Any CPU
		{76226A4D-F8AB-42B9-817B-CC501A4FED8B}.Debug|Any CPU.Build.0 = Debug|Any CPU
		{76226A4D-F8AB-42B9-817B-CC501A4FED8B}.Release|Any CPU.ActiveCfg = Release|Any CPU
		{76226A4D-F8AB-42B9-817B-CC501A4FED8B}.Release|Any CPU.Build.0 = Release|Any CPU
		{36C93A17-5668-46F5-8B84-6473A07CF4FD}.Debug|Any CPU.ActiveCfg = Debug|Any CPU
		{36C93A17-5668-46F5-8B84-6473A07CF4FD}.Debug|Any CPU.Build.0 = Debug|Any CPU
		{36C93A17-5668-46F5-8B84-6473A07CF4FD}.Release|Any CPU.ActiveCfg = Release|Any CPU
		{36C93A17-5668-46F5-8B84-6473A07CF4FD}.Release|Any CPU.Build.0 = Release|Any CPU
		{D8313380-A9B5-48BF-86FC-23D38EE0F8BC}.Debug|Any CPU.ActiveCfg = Debug|Any CPU
		{D8313380-A9B5-48BF-86FC-23D38EE0F8BC}.Debug|Any CPU.Build.0 = Debug|Any CPU
		{D8313380-A9B5-48BF-86FC-23D38EE0F8BC}.Release|Any CPU.ActiveCfg = Release|Any CPU
		{D8313380-A9B5-48BF-86FC-23D38EE0F8BC}.Release|Any CPU.Build.0 = Release|Any CPU
		{2C32C998-9F69-444E-980A-CF4250BB4B22}.Debug|Any CPU.ActiveCfg = Debug|Any CPU
		{2C32C998-9F69-444E-980A-CF4250BB4B22}.Debug|Any CPU.Build.0 = Debug|Any CPU
		{2C32C998-9F69-444E-980A-CF4250BB4B22}.Release|Any CPU.ActiveCfg = Release|Any CPU
		{2C32C998-9F69-444E-980A-CF4250BB4B22}.Release|Any CPU.Build.0 = Release|Any CPU
		{084F8EC8-4DDE-42B9-B438-6B6ACF2990C1}.Debug|Any CPU.ActiveCfg = Debug|Any CPU
		{084F8EC8-4DDE-42B9-B438-6B6ACF2990C1}.Debug|Any CPU.Build.0 = Debug|Any CPU
		{084F8EC8-4DDE-42B9-B438-6B6ACF2990C1}.Release|Any CPU.ActiveCfg = Release|Any CPU
		{084F8EC8-4DDE-42B9-B438-6B6ACF2990C1}.Release|Any CPU.Build.0 = Release|Any CPU
		{3E6EB2EB-DD67-4306-AD84-50AF1FD7AB78}.Debug|Any CPU.ActiveCfg = Debug|Any CPU
		{3E6EB2EB-DD67-4306-AD84-50AF1FD7AB78}.Debug|Any CPU.Build.0 = Debug|Any CPU
		{3E6EB2EB-DD67-4306-AD84-50AF1FD7AB78}.Release|Any CPU.ActiveCfg = Release|Any CPU
		{3E6EB2EB-DD67-4306-AD84-50AF1FD7AB78}.Release|Any CPU.Build.0 = Release|Any CPU
		{3C823284-A43B-4F0A-B8FA-BBA58D42EBB0}.Debug|Any CPU.ActiveCfg = Debug|Any CPU
		{3C823284-A43B-4F0A-B8FA-BBA58D42EBB0}.Debug|Any CPU.Build.0 = Debug|Any CPU
		{3C823284-A43B-4F0A-B8FA-BBA58D42EBB0}.Release|Any CPU.ActiveCfg = Release|Any CPU
		{3C823284-A43B-4F0A-B8FA-BBA58D42EBB0}.Release|Any CPU.Build.0 = Release|Any CPU
		{47DF2C96-812B-4A70-A0FC-0BBB0F6EF8C6}.Debug|Any CPU.ActiveCfg = Debug|Any CPU
		{47DF2C96-812B-4A70-A0FC-0BBB0F6EF8C6}.Debug|Any CPU.Build.0 = Debug|Any CPU
		{47DF2C96-812B-4A70-A0FC-0BBB0F6EF8C6}.Release|Any CPU.ActiveCfg = Release|Any CPU
		{47DF2C96-812B-4A70-A0FC-0BBB0F6EF8C6}.Release|Any CPU.Build.0 = Release|Any CPU
		{5497F4EB-9B3A-4098-9425-9F3054A8A103}.Debug|Any CPU.ActiveCfg = Debug|Any CPU
		{5497F4EB-9B3A-4098-9425-9F3054A8A103}.Debug|Any CPU.Build.0 = Debug|Any CPU
		{5497F4EB-9B3A-4098-9425-9F3054A8A103}.Release|Any CPU.ActiveCfg = Release|Any CPU
		{5497F4EB-9B3A-4098-9425-9F3054A8A103}.Release|Any CPU.Build.0 = Release|Any CPU
		{2C806258-D42C-4CA6-B21A-5A10F8C9ADB3}.Debug|Any CPU.ActiveCfg = Debug|Any CPU
		{2C806258-D42C-4CA6-B21A-5A10F8C9ADB3}.Debug|Any CPU.Build.0 = Debug|Any CPU
		{2C806258-D42C-4CA6-B21A-5A10F8C9ADB3}.Release|Any CPU.ActiveCfg = Release|Any CPU
		{2C806258-D42C-4CA6-B21A-5A10F8C9ADB3}.Release|Any CPU.Build.0 = Release|Any CPU
	EndGlobalSection
	GlobalSection(SolutionProperties) = preSolution
		HideSolutionNode = FALSE
	EndGlobalSection
	GlobalSection(NestedProjects) = preSolution
		{D4E3C256-01DB-4DBD-BE7A-294F404C3B56} = {DCF2ED4C-881C-4FE7-9832-1A4983117C72}
		{BA612104-548D-4893-8955-04AE890A143B} = {87C62711-7544-4453-80BC-6F45907078B3}
		{8FCE7153-AE3A-40CE-B803-5AC31F3403FA} = {C94F169B-5E59-45BC-9FBC-4DBF673422EE}
		{404DECA7-EE51-4E2C-B64A-B7AF2BF72B66} = {C94F169B-5E59-45BC-9FBC-4DBF673422EE}
		{E3DBEE99-C34B-4C5A-9A10-3B7C6B188B78} = {823C9B09-7BDA-485E-AE7A-1F2E2721A0E7}
		{FC81D1DD-6F18-4053-9E07-BFE634DD35FE} = {D5383A73-C809-44C5-86DF-1853AA0BB583}
		{2D231538-47AE-490B-8E0D-ABBFE4CA39BC} = {BA7D04D4-7164-4557-B2B3-D102DF8CBBC0}
		{236254BE-3483-44CD-85B1-45AC55825B6C} = {BA7D04D4-7164-4557-B2B3-D102DF8CBBC0}
		{BA7D04D4-7164-4557-B2B3-D102DF8CBBC0} = {CC526524-E864-4FC6-9DAE-38D24E8A432F}
		{3E589EF7-0A9C-4AF9-AE1B-79061879730B} = {CC526524-E864-4FC6-9DAE-38D24E8A432F}
		{A5A2E72D-ACCB-4952-8C2F-6E3C019346A3} = {3E589EF7-0A9C-4AF9-AE1B-79061879730B}
		{059E7346-7FA3-480F-AFE0-26FF806AD784} = {3E589EF7-0A9C-4AF9-AE1B-79061879730B}
		{4D18B1E9-CDAD-4D53-8E7B-D98892FF7F23} = {CC526524-E864-4FC6-9DAE-38D24E8A432F}
		{D1EC7116-8B19-4017-8914-5B765A0BD446} = {4D18B1E9-CDAD-4D53-8E7B-D98892FF7F23}
		{0412A441-ABF2-45AD-8636-1D95FD53BA42} = {4D18B1E9-CDAD-4D53-8E7B-D98892FF7F23}
		{8F00A423-9BE5-4E57-9875-05BC0312D8AD} = {CC526524-E864-4FC6-9DAE-38D24E8A432F}
		{A69CCE77-5127-4C5F-934F-A73F34DD41B6} = {8F00A423-9BE5-4E57-9875-05BC0312D8AD}
		{9A0B71C3-72A7-433A-81E0-7420B2F8DBED} = {8F00A423-9BE5-4E57-9875-05BC0312D8AD}
		{CD2B8C8D-365B-4939-B78B-D87A8E875D39} = {CC526524-E864-4FC6-9DAE-38D24E8A432F}
		{4DC42FAD-F2B0-481B-99E1-8D28A26EEAE5} = {CD2B8C8D-365B-4939-B78B-D87A8E875D39}
		{22C1600C-CEA1-46E3-B216-075E8E40BE54} = {CD2B8C8D-365B-4939-B78B-D87A8E875D39}
		{5C2E9996-3121-4EFE-84FA-3338253325E0} = {CC526524-E864-4FC6-9DAE-38D24E8A432F}
		{21E1E44A-4B77-491F-AA07-0A77AF72CCBC} = {5C2E9996-3121-4EFE-84FA-3338253325E0}
		{DD9F0BDA-7E39-4B6A-B74C-097FBB76220F} = {5C2E9996-3121-4EFE-84FA-3338253325E0}
		{94730948-A599-496F-8A09-A7CB36C3149A} = {DDA83E0C-6703-4EA7-BF05-137105003B9D}
		{90ECAC86-DB5A-40D6-89D8-BC8455C3C5C7} = {044E7809-8BB1-485C-B099-6BB89DFCAFD6}
		{14D66C2C-AC25-46CC-A02A-6AD4F765CCE7} = {7A723F33-A51F-4FAD-BDD6-7E1722BA6C2D}
		{19072AFC-482D-47AA-860F-2674323B4237} = {6D3C86A5-67BE-44BF-B440-65118B14AE60}
		{4EA30C6B-5331-4588-93C8-187CF1C8F3E4} = {6D3C86A5-67BE-44BF-B440-65118B14AE60}
		{0E242E27-BF4F-4A51-9FE9-3749B2D458CC} = {6D3C86A5-67BE-44BF-B440-65118B14AE60}
		{76226A4D-F8AB-42B9-817B-CC501A4FED8B} = {6D3C86A5-67BE-44BF-B440-65118B14AE60}
		{36C93A17-5668-46F5-8B84-6473A07CF4FD} = {9DBAE79A-11D2-459B-A5BC-B588DBD25779}
		{D8313380-A9B5-48BF-86FC-23D38EE0F8BC} = {23209825-45E4-4FA9-9058-11D0DF48A60C}
		{2C32C998-9F69-444E-980A-CF4250BB4B22} = {6D3C86A5-67BE-44BF-B440-65118B14AE60}
		{084F8EC8-4DDE-42B9-B438-6B6ACF2990C1} = {18046992-4C27-4A5F-B978-35F8D133E236}
		{3E6EB2EB-DD67-4306-AD84-50AF1FD7AB78} = {CD930242-732A-48F2-BFB6-F7F477AF2EE4}
		{3C823284-A43B-4F0A-B8FA-BBA58D42EBB0} = {CD930242-732A-48F2-BFB6-F7F477AF2EE4}
		{47DF2C96-812B-4A70-A0FC-0BBB0F6EF8C6} = {CD930242-732A-48F2-BFB6-F7F477AF2EE4}
		{5497F4EB-9B3A-4098-9425-9F3054A8A103} = {CD930242-732A-48F2-BFB6-F7F477AF2EE4}
		{2C806258-D42C-4CA6-B21A-5A10F8C9ADB3} = {18046992-4C27-4A5F-B978-35F8D133E236}
	EndGlobalSection
	GlobalSection(ExtensibilityGlobals) = postSolution
		SolutionGuid = {EE8C2BFD-B6FF-4D0D-A564-77425D85C708}
	EndGlobalSection
EndGlobal
