
Microsoft Visual Studio Solution File, Format Version 12.00
# Visual Studio 15
VisualStudioVersion = 15.0.27004.2002
MinimumVisualStudioVersion = 10.0.40219.1
Project("{2150E333-8FDC-42A3-9474-1A3956D46DE8}") = "WCF", "WCF", "{DDA83E0C-6703-4EA7-BF05-137105003B9D}"
EndProject
Project("{FAE04EC0-301F-11D3-BF4B-00C04F79EFBC}") = "WcfService", "WcfService\WcfService.csproj", "{94730948-A599-496F-8A09-A7CB36C3149A}"
EndProject
Project("{2150E333-8FDC-42A3-9474-1A3956D46DE8}") = "Struct", "Struct", "{044E7809-8BB1-485C-B099-6BB89DFCAFD6}"
EndProject
Project("{FAE04EC0-301F-11D3-BF4B-00C04F79EFBC}") = "StructTest", "StructTest\StructTest.csproj", "{90ECAC86-DB5A-40D6-89D8-BC8455C3C5C7}"
EndProject
Project("{2150E333-8FDC-42A3-9474-1A3956D46DE8}") = "Delegate", "Delegate", "{7A723F33-A51F-4FAD-BDD6-7E1722BA6C2D}"
EndProject
Project("{FAE04EC0-301F-11D3-BF4B-00C04F79EFBC}") = "DelegateTest", "DelegateTest\DelegateTest.csproj", "{14D66C2C-AC25-46CC-A02A-6AD4F765CCE7}"
EndProject
Project("{FAE04EC0-301F-11D3-BF4B-00C04F79EFBC}") = "SvcRestart", "SvcRestart\SvcRestart.csproj", "{6C0A4183-FDEA-44F3-8D85-C236333B775F}"
EndProject
Project("{2150E333-8FDC-42A3-9474-1A3956D46DE8}") = "Semaphore", "Semaphore", "{6D3C86A5-67BE-44BF-B440-65118B14AE60}"
EndProject
Project("{FAE04EC0-301F-11D3-BF4B-00C04F79EFBC}") = "AutoResetEvent", "AutoResetEvent\AutoResetEvent.csproj", "{19072AFC-482D-47AA-860F-2674323B4237}"
EndProject
Project("{FAE04EC0-301F-11D3-BF4B-00C04F79EFBC}") = "Mutex", "Mutex\Mutex.csproj", "{4EA30C6B-5331-4588-93C8-187CF1C8F3E4}"
EndProject
Project("{FAE04EC0-301F-11D3-BF4B-00C04F79EFBC}") = "Semaphore", "Semaphore\Semaphore.csproj", "{0E242E27-BF4F-4A51-9FE9-3749B2D458CC}"
EndProject
Project("{FAE04EC0-301F-11D3-BF4B-00C04F79EFBC}") = "ManualResetEvent", "ManualResetEvent\ManualResetEvent.csproj", "{76226A4D-F8AB-42B9-817B-CC501A4FED8B}"
EndProject
Project("{2150E333-8FDC-42A3-9474-1A3956D46DE8}") = "QuartzNET", "QuartzNET", "{9DBAE79A-11D2-459B-A5BC-B588DBD25779}"
EndProject
Project("{FAE04EC0-301F-11D3-BF4B-00C04F79EFBC}") = "QuartzSample", "Quartz\QuartzSample.csproj", "{36C93A17-5668-46F5-8B84-6473A07CF4FD}"
EndProject
Project("{2150E333-8FDC-42A3-9474-1A3956D46DE8}") = "AppMetricsDemo", "AppMetricsDemo", "{23209825-45E4-4FA9-9058-11D0DF48A60C}"
EndProject
Project("{9A19103F-16F7-4668-BE54-9A1E7A4F7556}") = "PcMonitor", "PcMonitor\PcMonitor.csproj", "{D8313380-A9B5-48BF-86FC-23D38EE0F8BC}"
EndProject
Global
	GlobalSection(SolutionConfigurationPlatforms) = preSolution
		Debug|Any CPU = Debug|Any CPU
		Release|Any CPU = Release|Any CPU
	EndGlobalSection
	GlobalSection(ProjectConfigurationPlatforms) = postSolution
		{94730948-A599-496F-8A09-A7CB36C3149A}.Debug|Any CPU.ActiveCfg = Debug|Any CPU
		{94730948-A599-496F-8A09-A7CB36C3149A}.Debug|Any CPU.Build.0 = Debug|Any CPU
		{94730948-A599-496F-8A09-A7CB36C3149A}.Release|Any CPU.ActiveCfg = Release|Any CPU
		{94730948-A599-496F-8A09-A7CB36C3149A}.Release|Any CPU.Build.0 = Release|Any CPU
		{90ECAC86-DB5A-40D6-89D8-BC8455C3C5C7}.Debug|Any CPU.ActiveCfg = Debug|Any CPU
		{90ECAC86-DB5A-40D6-89D8-BC8455C3C5C7}.Debug|Any CPU.Build.0 = Debug|Any CPU
		{90ECAC86-DB5A-40D6-89D8-BC8455C3C5C7}.Release|Any CPU.ActiveCfg = Release|Any CPU
		{90ECAC86-DB5A-40D6-89D8-BC8455C3C5C7}.Release|Any CPU.Build.0 = Release|Any CPU
		{14D66C2C-AC25-46CC-A02A-6AD4F765CCE7}.Debug|Any CPU.ActiveCfg = Debug|Any CPU
		{14D66C2C-AC25-46CC-A02A-6AD4F765CCE7}.Debug|Any CPU.Build.0 = Debug|Any CPU
		{14D66C2C-AC25-46CC-A02A-6AD4F765CCE7}.Release|Any CPU.ActiveCfg = Release|Any CPU
		{14D66C2C-AC25-46CC-A02A-6AD4F765CCE7}.Release|Any CPU.Build.0 = Release|Any CPU
		{6C0A4183-FDEA-44F3-8D85-C236333B775F}.Debug|Any CPU.ActiveCfg = Debug|Any CPU
		{6C0A4183-FDEA-44F3-8D85-C236333B775F}.Debug|Any CPU.Build.0 = Debug|Any CPU
		{6C0A4183-FDEA-44F3-8D85-C236333B775F}.Release|Any CPU.ActiveCfg = Release|Any CPU
		{6C0A4183-FDEA-44F3-8D85-C236333B775F}.Release|Any CPU.Build.0 = Release|Any CPU
		{19072AFC-482D-47AA-860F-2674323B4237}.Debug|Any CPU.ActiveCfg = Debug|Any CPU
		{19072AFC-482D-47AA-860F-2674323B4237}.Debug|Any CPU.Build.0 = Debug|Any CPU
		{19072AFC-482D-47AA-860F-2674323B4237}.Release|Any CPU.ActiveCfg = Release|Any CPU
		{19072AFC-482D-47AA-860F-2674323B4237}.Release|Any CPU.Build.0 = Release|Any CPU
		{4EA30C6B-5331-4588-93C8-187CF1C8F3E4}.Debug|Any CPU.ActiveCfg = Debug|Any CPU
		{4EA30C6B-5331-4588-93C8-187CF1C8F3E4}.Debug|Any CPU.Build.0 = Debug|Any CPU
		{4EA30C6B-5331-4588-93C8-187CF1C8F3E4}.Release|Any CPU.ActiveCfg = Release|Any CPU
		{4EA30C6B-5331-4588-93C8-187CF1C8F3E4}.Release|Any CPU.Build.0 = Release|Any CPU
		{0E242E27-BF4F-4A51-9FE9-3749B2D458CC}.Debug|Any CPU.ActiveCfg = Debug|Any CPU
		{0E242E27-BF4F-4A51-9FE9-3749B2D458CC}.Debug|Any CPU.Build.0 = Debug|Any CPU
		{0E242E27-BF4F-4A51-9FE9-3749B2D458CC}.Release|Any CPU.ActiveCfg = Release|Any CPU
		{0E242E27-BF4F-4A51-9FE9-3749B2D458CC}.Release|Any CPU.Build.0 = Release|Any CPU
		{76226A4D-F8AB-42B9-817B-CC501A4FED8B}.Debug|Any CPU.ActiveCfg = Debug|Any CPU
		{76226A4D-F8AB-42B9-817B-CC501A4FED8B}.Debug|Any CPU.Build.0 = Debug|Any CPU
		{76226A4D-F8AB-42B9-817B-CC501A4FED8B}.Release|Any CPU.ActiveCfg = Release|Any CPU
		{76226A4D-F8AB-42B9-817B-CC501A4FED8B}.Release|Any CPU.Build.0 = Release|Any CPU
		{36C93A17-5668-46F5-8B84-6473A07CF4FD}.Debug|Any CPU.ActiveCfg = Debug|Any CPU
		{36C93A17-5668-46F5-8B84-6473A07CF4FD}.Debug|Any CPU.Build.0 = Debug|Any CPU
		{36C93A17-5668-46F5-8B84-6473A07CF4FD}.Release|Any CPU.ActiveCfg = Release|Any CPU
		{36C93A17-5668-46F5-8B84-6473A07CF4FD}.Release|Any CPU.Build.0 = Release|Any CPU
		{D8313380-A9B5-48BF-86FC-23D38EE0F8BC}.Debug|Any CPU.ActiveCfg = Debug|Any CPU
		{D8313380-A9B5-48BF-86FC-23D38EE0F8BC}.Debug|Any CPU.Build.0 = Debug|Any CPU
		{D8313380-A9B5-48BF-86FC-23D38EE0F8BC}.Release|Any CPU.ActiveCfg = Release|Any CPU
		{D8313380-A9B5-48BF-86FC-23D38EE0F8BC}.Release|Any CPU.Build.0 = Release|Any CPU
	EndGlobalSection
	GlobalSection(SolutionProperties) = preSolution
		HideSolutionNode = FALSE
	EndGlobalSection
	GlobalSection(NestedProjects) = preSolution
		{94730948-A599-496F-8A09-A7CB36C3149A} = {DDA83E0C-6703-4EA7-BF05-137105003B9D}
		{90ECAC86-DB5A-40D6-89D8-BC8455C3C5C7} = {044E7809-8BB1-485C-B099-6BB89DFCAFD6}
		{14D66C2C-AC25-46CC-A02A-6AD4F765CCE7} = {7A723F33-A51F-4FAD-BDD6-7E1722BA6C2D}
		{19072AFC-482D-47AA-860F-2674323B4237} = {6D3C86A5-67BE-44BF-B440-65118B14AE60}
		{4EA30C6B-5331-4588-93C8-187CF1C8F3E4} = {6D3C86A5-67BE-44BF-B440-65118B14AE60}
		{0E242E27-BF4F-4A51-9FE9-3749B2D458CC} = {6D3C86A5-67BE-44BF-B440-65118B14AE60}
		{76226A4D-F8AB-42B9-817B-CC501A4FED8B} = {6D3C86A5-67BE-44BF-B440-65118B14AE60}
		{36C93A17-5668-46F5-8B84-6473A07CF4FD} = {9DBAE79A-11D2-459B-A5BC-B588DBD25779}
		{D8313380-A9B5-48BF-86FC-23D38EE0F8BC} = {23209825-45E4-4FA9-9058-11D0DF48A60C}
	EndGlobalSection
	GlobalSection(ExtensibilityGlobals) = postSolution
		SolutionGuid = {EE8C2BFD-B6FF-4D0D-A564-77425D85C708}
	EndGlobalSection
EndGlobal
